// !$*UTF8*$!
{
	archiveVersion = 1;
	classes = {
	};
	objectVersion = 56;
	objects = {

/* Begin PBXBuildFile section */
		802EBD8E28FFF5FD003CFE9E /* InfoViewController.swift in Sources */ = {isa = PBXBuildFile; fileRef = 802EBD8D28FFF5FD003CFE9E /* InfoViewController.swift */; };
		802EBD9029000D07003CFE9E /* ProfileHeaderView.swift in Sources */ = {isa = PBXBuildFile; fileRef = 802EBD8F29000D07003CFE9E /* ProfileHeaderView.swift */; };
		807E03F028FFD0CA0085110B /* AppDelegate.swift in Sources */ = {isa = PBXBuildFile; fileRef = 807E03EF28FFD0CA0085110B /* AppDelegate.swift */; };
		807E03F228FFD0CA0085110B /* SceneDelegate.swift in Sources */ = {isa = PBXBuildFile; fileRef = 807E03F128FFD0CA0085110B /* SceneDelegate.swift */; };
		807E03F428FFD0CA0085110B /* ViewController.swift in Sources */ = {isa = PBXBuildFile; fileRef = 807E03F328FFD0CA0085110B /* ViewController.swift */; };
		807E03F928FFD0D00085110B /* Assets.xcassets in Resources */ = {isa = PBXBuildFile; fileRef = 807E03F828FFD0D00085110B /* Assets.xcassets */; };
		807E03FC28FFD0D00085110B /* LaunchScreen.storyboard in Resources */ = {isa = PBXBuildFile; fileRef = 807E03FA28FFD0D00085110B /* LaunchScreen.storyboard */; };
		807E040728FFD6EE0085110B /* TabBarController.swift in Sources */ = {isa = PBXBuildFile; fileRef = 807E040628FFD6EE0085110B /* TabBarController.swift */; };
		807E040B28FFD8100085110B /* ProfileViewController.swift in Sources */ = {isa = PBXBuildFile; fileRef = 807E040A28FFD80F0085110B /* ProfileViewController.swift */; };
		807E040D28FFD84A0085110B /* FeedViewController.swift in Sources */ = {isa = PBXBuildFile; fileRef = 807E040C28FFD84A0085110B /* FeedViewController.swift */; };
		807E041028FFDF430085110B /* PostViewController.swift in Sources */ = {isa = PBXBuildFile; fileRef = 807E040F28FFDF430085110B /* PostViewController.swift */; };
		807E041228FFE34D0085110B /* FeedView.swift in Sources */ = {isa = PBXBuildFile; fileRef = 807E041128FFE34D0085110B /* FeedView.swift */; };
		807E041428FFE6AB0085110B /* Post.swift in Sources */ = {isa = PBXBuildFile; fileRef = 807E041328FFE6AB0085110B /* Post.swift */; };
		80B6D2FA29044243009A476F /* Protocols.swift in Sources */ = {isa = PBXBuildFile; fileRef = 80B6D2F929044243009A476F /* Protocols.swift */; };
/* End PBXBuildFile section */

/* Begin PBXFileReference section */
		802EBD8D28FFF5FD003CFE9E /* InfoViewController.swift */ = {isa = PBXFileReference; lastKnownFileType = sourcecode.swift; path = InfoViewController.swift; sourceTree = "<group>"; };
		802EBD8F29000D07003CFE9E /* ProfileHeaderView.swift */ = {isa = PBXFileReference; lastKnownFileType = sourcecode.swift; path = ProfileHeaderView.swift; sourceTree = "<group>"; };
		807E03EC28FFD0CA0085110B /* Navigation.app */ = {isa = PBXFileReference; explicitFileType = wrapper.application; includeInIndex = 0; path = Navigation.app; sourceTree = BUILT_PRODUCTS_DIR; };
		807E03EF28FFD0CA0085110B /* AppDelegate.swift */ = {isa = PBXFileReference; lastKnownFileType = sourcecode.swift; path = AppDelegate.swift; sourceTree = "<group>"; };
		807E03F128FFD0CA0085110B /* SceneDelegate.swift */ = {isa = PBXFileReference; lastKnownFileType = sourcecode.swift; path = SceneDelegate.swift; sourceTree = "<group>"; };
		807E03F328FFD0CA0085110B /* ViewController.swift */ = {isa = PBXFileReference; lastKnownFileType = sourcecode.swift; path = ViewController.swift; sourceTree = "<group>"; };
		807E03F828FFD0D00085110B /* Assets.xcassets */ = {isa = PBXFileReference; lastKnownFileType = folder.assetcatalog; path = Assets.xcassets; sourceTree = "<group>"; };
		807E03FB28FFD0D00085110B /* Base */ = {isa = PBXFileReference; lastKnownFileType = file.storyboard; name = Base; path = Base.lproj/LaunchScreen.storyboard; sourceTree = "<group>"; };
		807E03FD28FFD0D00085110B /* Info.plist */ = {isa = PBXFileReference; lastKnownFileType = text.plist.xml; path = Info.plist; sourceTree = "<group>"; };
		807E040628FFD6EE0085110B /* TabBarController.swift */ = {isa = PBXFileReference; lastKnownFileType = sourcecode.swift; path = TabBarController.swift; sourceTree = "<group>"; };
		807E040A28FFD80F0085110B /* ProfileViewController.swift */ = {isa = PBXFileReference; lastKnownFileType = sourcecode.swift; path = ProfileViewController.swift; sourceTree = "<group>"; };
		807E040C28FFD84A0085110B /* FeedViewController.swift */ = {isa = PBXFileReference; lastKnownFileType = sourcecode.swift; path = FeedViewController.swift; sourceTree = "<group>"; };
		807E040F28FFDF430085110B /* PostViewController.swift */ = {isa = PBXFileReference; lastKnownFileType = sourcecode.swift; path = PostViewController.swift; sourceTree = "<group>"; };
		807E041128FFE34D0085110B /* FeedView.swift */ = {isa = PBXFileReference; lastKnownFileType = sourcecode.swift; path = FeedView.swift; sourceTree = "<group>"; };
		807E041328FFE6AB0085110B /* Post.swift */ = {isa = PBXFileReference; lastKnownFileType = sourcecode.swift; path = Post.swift; sourceTree = "<group>"; };
		80B6D2F929044243009A476F /* Protocols.swift */ = {isa = PBXFileReference; lastKnownFileType = sourcecode.swift; path = Protocols.swift; sourceTree = "<group>"; };
/* End PBXFileReference section */

/* Begin PBXFrameworksBuildPhase section */
		807E03E928FFD0CA0085110B /* Frameworks */ = {
			isa = PBXFrameworksBuildPhase;
			buildActionMask = 2147483647;
			files = (
			);
			runOnlyForDeploymentPostprocessing = 0;
		};
/* End PBXFrameworksBuildPhase section */

/* Begin PBXGroup section */
		807E03E328FFD0CA0085110B = {
			isa = PBXGroup;
			children = (
				807E03EE28FFD0CA0085110B /* Navigation */,
				807E03ED28FFD0CA0085110B /* Products */,
			);
			sourceTree = "<group>";
		};
		807E03ED28FFD0CA0085110B /* Products */ = {
			isa = PBXGroup;
			children = (
				807E03EC28FFD0CA0085110B /* Navigation.app */,
			);
			name = Products;
			sourceTree = "<group>";
		};
		807E03EE28FFD0CA0085110B /* Navigation */ = {
			isa = PBXGroup;
			children = (
				807E040328FFD59B0085110B /* TabBarController */,
				807E040928FFD7F40085110B /* FeedVC */,
				807E040828FFD7DA0085110B /* Profile VC */,
				807E040E28FFDF280085110B /* AnotherVC */,
				807E03EF28FFD0CA0085110B /* AppDelegate.swift */,
				807E03F128FFD0CA0085110B /* SceneDelegate.swift */,
				807E03F328FFD0CA0085110B /* ViewController.swift */,
				80B6D2F929044243009A476F /* Protocols.swift */,
				807E03F828FFD0D00085110B /* Assets.xcassets */,
				807E03FA28FFD0D00085110B /* LaunchScreen.storyboard */,
				807E03FD28FFD0D00085110B /* Info.plist */,
			);
			path = Navigation;
			sourceTree = "<group>";
		};
		807E040328FFD59B0085110B /* TabBarController */ = {
			isa = PBXGroup;
			children = (
				807E040628FFD6EE0085110B /* TabBarController.swift */,
			);
			path = TabBarController;
			sourceTree = "<group>";
		};
		807E040828FFD7DA0085110B /* Profile VC */ = {
			isa = PBXGroup;
			children = (
				807E040A28FFD80F0085110B /* ProfileViewController.swift */,
				802EBD8F29000D07003CFE9E /* ProfileHeaderView.swift */,
			);
			path = "Profile VC";
			sourceTree = "<group>";
		};
		807E040928FFD7F40085110B /* FeedVC */ = {
			isa = PBXGroup;
			children = (
				807E040C28FFD84A0085110B /* FeedViewController.swift */,
				807E041128FFE34D0085110B /* FeedView.swift */,
			);
			path = FeedVC;
			sourceTree = "<group>";
		};
		807E040E28FFDF280085110B /* AnotherVC */ = {
			isa = PBXGroup;
			children = (
				807E040F28FFDF430085110B /* PostViewController.swift */,
				802EBD8D28FFF5FD003CFE9E /* InfoViewController.swift */,
				807E041328FFE6AB0085110B /* Post.swift */,
			);
			path = AnotherVC;
			sourceTree = "<group>";
		};
/* End PBXGroup section */

/* Begin PBXNativeTarget section */
		807E03EB28FFD0CA0085110B /* Navigation */ = {
			isa = PBXNativeTarget;
			buildConfigurationList = 807E040028FFD0D00085110B /* Build configuration list for PBXNativeTarget "Navigation" */;
			buildPhases = (
				807E03E828FFD0CA0085110B /* Sources */,
				807E03E928FFD0CA0085110B /* Frameworks */,
				807E03EA28FFD0CA0085110B /* Resources */,
			);
			buildRules = (
			);
			dependencies = (
			);
			name = Navigation;
			productName = Navigation;
			productReference = 807E03EC28FFD0CA0085110B /* Navigation.app */;
			productType = "com.apple.product-type.application";
		};
/* End PBXNativeTarget section */

/* Begin PBXProject section */
		807E03E428FFD0CA0085110B /* Project object */ = {
			isa = PBXProject;
			attributes = {
				BuildIndependentTargetsInParallel = 1;
				LastSwiftUpdateCheck = 1400;
				LastUpgradeCheck = 1400;
				TargetAttributes = {
					807E03EB28FFD0CA0085110B = {
						CreatedOnToolsVersion = 14.0.1;
					};
				};
			};
			buildConfigurationList = 807E03E728FFD0CA0085110B /* Build configuration list for PBXProject "Navigation" */;
			compatibilityVersion = "Xcode 14.0";
			developmentRegion = en;
			hasScannedForEncodings = 0;
			knownRegions = (
				en,
				Base,
			);
			mainGroup = 807E03E328FFD0CA0085110B;
			productRefGroup = 807E03ED28FFD0CA0085110B /* Products */;
			projectDirPath = "";
			projectRoot = "";
			targets = (
				807E03EB28FFD0CA0085110B /* Navigation */,
			);
		};
/* End PBXProject section */

/* Begin PBXResourcesBuildPhase section */
		807E03EA28FFD0CA0085110B /* Resources */ = {
			isa = PBXResourcesBuildPhase;
			buildActionMask = 2147483647;
			files = (
				807E03FC28FFD0D00085110B /* LaunchScreen.storyboard in Resources */,
				807E03F928FFD0D00085110B /* Assets.xcassets in Resources */,
			);
			runOnlyForDeploymentPostprocessing = 0;
		};
/* End PBXResourcesBuildPhase section */

/* Begin PBXSourcesBuildPhase section */
		807E03E828FFD0CA0085110B /* Sources */ = {
			isa = PBXSourcesBuildPhase;
			buildActionMask = 2147483647;
			files = (
				807E041228FFE34D0085110B /* FeedView.swift in Sources */,
				807E03F428FFD0CA0085110B /* ViewController.swift in Sources */,
				802EBD9029000D07003CFE9E /* ProfileHeaderView.swift in Sources */,
				80B6D2FA29044243009A476F /* Protocols.swift in Sources */,
				807E040728FFD6EE0085110B /* TabBarController.swift in Sources */,
				807E041028FFDF430085110B /* PostViewController.swift in Sources */,
				802EBD8E28FFF5FD003CFE9E /* InfoViewController.swift in Sources */,
				807E040B28FFD8100085110B /* ProfileViewController.swift in Sources */,
				807E03F028FFD0CA0085110B /* AppDelegate.swift in Sources */,
				807E041428FFE6AB0085110B /* Post.swift in Sources */,
				807E040D28FFD84A0085110B /* FeedViewController.swift in Sources */,
				807E03F228FFD0CA0085110B /* SceneDelegate.swift in Sources */,
			);
			runOnlyForDeploymentPostprocessing = 0;
		};
/* End PBXSourcesBuildPhase section */

/* Begin PBXVariantGroup section */
		807E03FA28FFD0D00085110B /* LaunchScreen.storyboard */ = {
			isa = PBXVariantGroup;
			children = (
				807E03FB28FFD0D00085110B /* Base */,
			);
			name = LaunchScreen.storyboard;
			sourceTree = "<group>";
		};
/* End PBXVariantGroup section */

/* Begin XCBuildConfiguration section */
		807E03FE28FFD0D00085110B /* Debug */ = {
			isa = XCBuildConfiguration;
			buildSettings = {
				ALWAYS_SEARCH_USER_PATHS = NO;
				CLANG_ANALYZER_NONNULL = YES;
				CLANG_ANALYZER_NUMBER_OBJECT_CONVERSION = YES_AGGRESSIVE;
				CLANG_CXX_LANGUAGE_STANDARD = "gnu++20";
				CLANG_ENABLE_MODULES = YES;
				CLANG_ENABLE_OBJC_ARC = YES;
				CLANG_ENABLE_OBJC_WEAK = YES;
				CLANG_WARN_BLOCK_CAPTURE_AUTORELEASING = YES;
				CLANG_WARN_BOOL_CONVERSION = YES;
				CLANG_WARN_COMMA = YES;
				CLANG_WARN_CONSTANT_CONVERSION = YES;
				CLANG_WARN_DEPRECATED_OBJC_IMPLEMENTATIONS = YES;
				CLANG_WARN_DIRECT_OBJC_ISA_USAGE = YES_ERROR;
				CLANG_WARN_DOCUMENTATION_COMMENTS = YES;
				CLANG_WARN_EMPTY_BODY = YES;
				CLANG_WARN_ENUM_CONVERSION = YES;
				CLANG_WARN_INFINITE_RECURSION = YES;
				CLANG_WARN_INT_CONVERSION = YES;
				CLANG_WARN_NON_LITERAL_NULL_CONVERSION = YES;
				CLANG_WARN_OBJC_IMPLICIT_RETAIN_SELF = YES;
				CLANG_WARN_OBJC_LITERAL_CONVERSION = YES;
				CLANG_WARN_OBJC_ROOT_CLASS = YES_ERROR;
				CLANG_WARN_QUOTED_INCLUDE_IN_FRAMEWORK_HEADER = YES;
				CLANG_WARN_RANGE_LOOP_ANALYSIS = YES;
				CLANG_WARN_STRICT_PROTOTYPES = YES;
				CLANG_WARN_SUSPICIOUS_MOVE = YES;
				CLANG_WARN_UNGUARDED_AVAILABILITY = YES_AGGRESSIVE;
				CLANG_WARN_UNREACHABLE_CODE = YES;
				CLANG_WARN__DUPLICATE_METHOD_MATCH = YES;
				COPY_PHASE_STRIP = NO;
				DEBUG_INFORMATION_FORMAT = dwarf;
				ENABLE_STRICT_OBJC_MSGSEND = YES;
				ENABLE_TESTABILITY = YES;
				GCC_C_LANGUAGE_STANDARD = gnu11;
				GCC_DYNAMIC_NO_PIC = NO;
				GCC_NO_COMMON_BLOCKS = YES;
				GCC_OPTIMIZATION_LEVEL = 0;
				GCC_PREPROCESSOR_DEFINITIONS = (
					"DEBUG=1",
					"$(inherited)",
				);
				GCC_WARN_64_TO_32_BIT_CONVERSION = YES;
				GCC_WARN_ABOUT_RETURN_TYPE = YES_ERROR;
				GCC_WARN_UNDECLARED_SELECTOR = YES;
				GCC_WARN_UNINITIALIZED_AUTOS = YES_AGGRESSIVE;
				GCC_WARN_UNUSED_FUNCTION = YES;
				GCC_WARN_UNUSED_VARIABLE = YES;
				IPHONEOS_DEPLOYMENT_TARGET = 16.0;
				MTL_ENABLE_DEBUG_INFO = INCLUDE_SOURCE;
				MTL_FAST_MATH = YES;
				ONLY_ACTIVE_ARCH = YES;
				SDKROOT = iphoneos;
				SWIFT_ACTIVE_COMPILATION_CONDITIONS = DEBUG;
				SWIFT_OPTIMIZATION_LEVEL = "-Onone";
			};
			name = Debug;
		};
		807E03FF28FFD0D00085110B /* Release */ = {
			isa = XCBuildConfiguration;
			buildSettings = {
				ALWAYS_SEARCH_USER_PATHS = NO;
				CLANG_ANALYZER_NONNULL = YES;
				CLANG_ANALYZER_NUMBER_OBJECT_CONVERSION = YES_AGGRESSIVE;
				CLANG_CXX_LANGUAGE_STANDARD = "gnu++20";
				CLANG_ENABLE_MODULES = YES;
				CLANG_ENABLE_OBJC_ARC = YES;
				CLANG_ENABLE_OBJC_WEAK = YES;
				CLANG_WARN_BLOCK_CAPTURE_AUTORELEASING = YES;
				CLANG_WARN_BOOL_CONVERSION = YES;
				CLANG_WARN_COMMA = YES;
				CLANG_WARN_CONSTANT_CONVERSION = YES;
				CLANG_WARN_DEPRECATED_OBJC_IMPLEMENTATIONS = YES;
				CLANG_WARN_DIRECT_OBJC_ISA_USAGE = YES_ERROR;
				CLANG_WARN_DOCUMENTATION_COMMENTS = YES;
				CLANG_WARN_EMPTY_BODY = YES;
				CLANG_WARN_ENUM_CONVERSION = YES;
				CLANG_WARN_INFINITE_RECURSION = YES;
				CLANG_WARN_INT_CONVERSION = YES;
				CLANG_WARN_NON_LITERAL_NULL_CONVERSION = YES;
				CLANG_WARN_OBJC_IMPLICIT_RETAIN_SELF = YES;
				CLANG_WARN_OBJC_LITERAL_CONVERSION = YES;
				CLANG_WARN_OBJC_ROOT_CLASS = YES_ERROR;
				CLANG_WARN_QUOTED_INCLUDE_IN_FRAMEWORK_HEADER = YES;
				CLANG_WARN_RANGE_LOOP_ANALYSIS = YES;
				CLANG_WARN_STRICT_PROTOTYPES = YES;
				CLANG_WARN_SUSPICIOUS_MOVE = YES;
				CLANG_WARN_UNGUARDED_AVAILABILITY = YES_AGGRESSIVE;
				CLANG_WARN_UNREACHABLE_CODE = YES;
				CLANG_WARN__DUPLICATE_METHOD_MATCH = YES;
				COPY_PHASE_STRIP = NO;
				DEBUG_INFORMATION_FORMAT = "dwarf-with-dsym";
				ENABLE_NS_ASSERTIONS = NO;
				ENABLE_STRICT_OBJC_MSGSEND = YES;
				GCC_C_LANGUAGE_STANDARD = gnu11;
				GCC_NO_COMMON_BLOCKS = YES;
				GCC_WARN_64_TO_32_BIT_CONVERSION = YES;
				GCC_WARN_ABOUT_RETURN_TYPE = YES_ERROR;
				GCC_WARN_UNDECLARED_SELECTOR = YES;
				GCC_WARN_UNINITIALIZED_AUTOS = YES_AGGRESSIVE;
				GCC_WARN_UNUSED_FUNCTION = YES;
				GCC_WARN_UNUSED_VARIABLE = YES;
				IPHONEOS_DEPLOYMENT_TARGET = 16.0;
				MTL_ENABLE_DEBUG_INFO = NO;
				MTL_FAST_MATH = YES;
				SDKROOT = iphoneos;
				SWIFT_COMPILATION_MODE = wholemodule;
				SWIFT_OPTIMIZATION_LEVEL = "-O";
				VALIDATE_PRODUCT = YES;
			};
			name = Release;
		};
		807E040128FFD0D00085110B /* Debug */ = {
			isa = XCBuildConfiguration;
			buildSettings = {
				ASSETCATALOG_COMPILER_APPICON_NAME = AppIcon;
				ASSETCATALOG_COMPILER_GLOBAL_ACCENT_COLOR_NAME = AccentColor;
				CODE_SIGN_STYLE = Automatic;
				CURRENT_PROJECT_VERSION = 1;
				GENERATE_INFOPLIST_FILE = YES;
				INFOPLIST_FILE = Navigation/Info.plist;
				INFOPLIST_KEY_UIApplicationSupportsIndirectInputEvents = YES;
				INFOPLIST_KEY_UILaunchStoryboardName = LaunchScreen;
				INFOPLIST_KEY_UISupportedInterfaceOrientations_iPad = "UIInterfaceOrientationPortrait UIInterfaceOrientationPortraitUpsideDown UIInterfaceOrientationLandscapeLeft UIInterfaceOrientationLandscapeRight";
				INFOPLIST_KEY_UISupportedInterfaceOrientations_iPhone = "UIInterfaceOrientationPortrait UIInterfaceOrientationLandscapeLeft UIInterfaceOrientationLandscapeRight";
				IPHONEOS_DEPLOYMENT_TARGET = 13.0;
				LD_RUNPATH_SEARCH_PATHS = (
					"$(inherited)",
					"@executable_path/Frameworks",
				);
				MARKETING_VERSION = 1.0;
				PRODUCT_BUNDLE_IDENTIFIER = talanchukovich.Navigation;
				PRODUCT_NAME = "$(TARGET_NAME)";
				SWIFT_EMIT_LOC_STRINGS = YES;
				SWIFT_VERSION = 5.0;
				TARGETED_DEVICE_FAMILY = "1,2";
			};
			name = Debug;
		};
		807E040228FFD0D00085110B /* Release */ = {
			isa = XCBuildConfiguration;
			buildSettings = {
				ASSETCATALOG_COMPILER_APPICON_NAME = AppIcon;
				ASSETCATALOG_COMPILER_GLOBAL_ACCENT_COLOR_NAME = AccentColor;
				CODE_SIGN_STYLE = Automatic;
				CURRENT_PROJECT_VERSION = 1;
				GENERATE_INFOPLIST_FILE = YES;
				INFOPLIST_FILE = Navigation/Info.plist;
				INFOPLIST_KEY_UIApplicationSupportsIndirectInputEvents = YES;
				INFOPLIST_KEY_UILaunchStoryboardName = LaunchScreen;
				INFOPLIST_KEY_UISupportedInterfaceOrientations_iPad = "UIInterfaceOrientationPortrait UIInterfaceOrientationPortraitUpsideDown UIInterfaceOrientationLandscapeLeft UIInterfaceOrientationLandscapeRight";
				INFOPLIST_KEY_UISupportedInterfaceOrientations_iPhone = "UIInterfaceOrientationPortrait UIInterfaceOrientationLandscapeLeft UIInterfaceOrientationLandscapeRight";
				IPHONEOS_DEPLOYMENT_TARGET = 13.0;
				LD_RUNPATH_SEARCH_PATHS = (
					"$(inherited)",
					"@executable_path/Frameworks",
				);
				MARKETING_VERSION = 1.0;
				PRODUCT_BUNDLE_IDENTIFIER = talanchukovich.Navigation;
				PRODUCT_NAME = "$(TARGET_NAME)";
				SWIFT_EMIT_LOC_STRINGS = YES;
				SWIFT_VERSION = 5.0;
				TARGETED_DEVICE_FAMILY = "1,2";
			};
			name = Release;
		};
/* End XCBuildConfiguration section */

/* Begin XCConfigurationList section */
		807E03E728FFD0CA0085110B /* Build configuration list for PBXProject "Navigation" */ = {
			isa = XCConfigurationList;
			buildConfigurations = (
				807E03FE28FFD0D00085110B /* Debug */,
				807E03FF28FFD0D00085110B /* Release */,
			);
			defaultConfigurationIsVisible = 0;
			defaultConfigurationName = Release;
		};
		807E040028FFD0D00085110B /* Build configuration list for PBXNativeTarget "Navigation" */ = {
			isa = XCConfigurationList;
			buildConfigurations = (
				807E040128FFD0D00085110B /* Debug */,
				807E040228FFD0D00085110B /* Release */,
			);
			defaultConfigurationIsVisible = 0;
			defaultConfigurationName = Release;
		};
/* End XCConfigurationList section */
	};
	rootObject = 807E03E428FFD0CA0085110B /* Project object */;
}
